{
  "version": "5",
  "specifiers": {
    "jsr:@std/assert@^1.0.19": "1.0.19",
    "jsr:@std/fs@^1.0.24": "1.0.24",
    "jsr:@std/internal@^1.0.12": "1.0.14",
    "jsr:@std/internal@^1.0.14": "1.0.14",
    "jsr:@std/path@^1.1.5": "1.1.6",
    "jsr:@std/path@^1.1.6": "1.1.6",
    "npm:addr-to-ip-port@*": "2.0.0",
    "npm:bencode@*": "4.0.1",
    "npm:bitfield@*": "5.0.1",
    "npm:bittorrent-dht@*": "11.0.12",
    "npm:bittorrent-lsd@*": "2.0.3",
    "npm:bittorrent-peerid@*": "2.0.2",
    "npm:bittorrent-protocol@*": "5.0.7",
    "npm:cache-chunk-store@*": "3.2.2",
    "npm:chunk-store-iterator@*": "1.0.4",
    "npm:compact2string@*": "1.4.1",
    "npm:cpus@*": "1.0.3",
    "npm:create-torrent@*": "6.1.3",
    "npm:debug@*": "4.4.3",
    "npm:escape-html@*": "1.0.3",
    "npm:fs-chunk-store@*": "5.0.1",
    "npm:immediate-chunk-store@*": "2.2.0",
    "npm:ip@*": "2.0.1",
    "npm:join-async-iterator@*": "1.1.1",
    "npm:lru@*": "3.1.0",
    "npm:lt_donthave@*": "2.0.7",
    "npm:magnet-uri@*": "7.0.9",
    "npm:memory-chunk-store@*": "1.3.5",
    "npm:mime@3.0.0": "3.0.0",
    "npm:once@*": "1.4.0",
    "npm:pump@*": "3.0.4",
    "npm:queue-microtask@*": "1.2.3",
    "npm:random-iterate@*": "1.0.1",
    "npm:range-parser@*": "1.3.0",
    "npm:run-parallel-limit@*": "1.1.0",
    "npm:run-parallel@*": "1.2.0",
    "npm:run-series@*": "1.1.9",
    "npm:socks@*": "2.8.9",
    "npm:speed-limiter@*": "1.0.2",
    "npm:streamx@*": "2.28.0",
    "npm:string2compact@*": "2.0.2",
    "npm:throughput@*": "1.0.2",
    "npm:torrent-piece@*": "4.0.1",
    "npm:uint8-util@*": "2.3.2",
    "npm:unordered-array-remove@*": "1.0.2",
    "npm:ut_metadata@*": "5.0.1",
    "npm:ut_pex@*": "5.0.2",
    "npm:ws@*": "8.21.1"
  },
  "jsr": {
    "@std/assert@1.0.19": {
      "integrity": "eaada96ee120cb980bc47e040f82814d786fe8162ecc53c91d8df60b8755991e",
      "dependencies": [
        "jsr:@std/internal@^1.0.12"
      ]
    },
    "@std/fs@1.0.24": {
      "integrity": "f3061b45b81673a2bece689da041df32d174be064c89eb6397fb5718d3fb7877",
      "dependencies": [
        "jsr:@std/internal@^1.0.14",
        "jsr:@std/path@^1.1.5"
      ]
    },
    "@std/internal@1.0.14": {
      "integrity": "291516b3d4c35024d6ffbc0a9df5bf4c64116e05b50012cf846710152d2ffdf7"
    },
    "@std/path@1.1.6": {
      "integrity": "c68485c2a4dfbb5ae3cc74fae4e8c4e5d874cf8a8ed12927917235c758b46cbe",
      "dependencies": [
        "jsr:@std/internal@^1.0.14"
      ]
    }
  },
  "npm": {
    "@thaunknown/thirty-two@1.0.5": {
      "integrity": "sha512-Q53KyCXweV1CS62EfqtPDqfpksn5keQ59PGqzzkK+g8Vif1jB4inoBCcs/BUSdsqddhE3G+2Fn+4RX3S6RqT0A==",
      "dependencies": [
        "uint8-util"
      ]
    },
    "addr-to-ip-port@2.0.0": {
      "integrity": "sha512-9bYbtjamtdLHZSqVIUXhilOryNPiL+x+Q5J/Unpg4VY3ZIkK3fT52UoErj1NdUeVm3J1t2iBEAur4Ywbl/bahw=="
    },
    "b4a@1.8.1": {
      "integrity": "sha512-aiqre1Nr0B/6DgE2N5vwTc+2/oQZ4Wh1t4NznYY4E00y8LCt6NqdRv81so00oo27D8MVKTpUa/MwUUtBLXCoDw=="
    },
    "bare-addon-resolve@1.10.1": {
      "integrity": "sha512-F/SD2du8keuYSb4xipnGz5j2E6yhNdHA8ZVxtHae6h2uOrpBIjjbhXvjzKZbr5XUOzqBzh/i8GVFycj2DlFQIA==",
      "dependencies": [
        "bare-module-resolve",
        "bare-semver"
      ]
    },
    "bare-events@2.9.1": {
      "integrity": "sha512-Z0oHEHAFDZkffN8Qc39zNZjQlMDkPJRyyyZieU1VH7u8c5S+qHZ2S8ixdKIAxEjfHO7FJxXmJWgteOghVanIsg=="
    },
    "bare-fs@4.7.4": {
      "integrity": "sha512-y1kC+ffIx/tPLdTE693uNjHfzTfr+ravR5tvWlMXe25nELbkqV400S71qHDwbkAQ1FVEZobB1NFRzFbCCcyBCQ==",
      "dependencies": [
        "bare-events",
        "bare-path",
        "bare-stream",
        "bare-url",
        "fast-fifo"
      ]
    },
    "bare-module-resolve@1.12.4": {
      "integrity": "sha512-xcfgg2u7HqgJiBmah71O9vvdFAgHCvkqC/WSC2O7Bbgosoc1eC/BWe/6IDJ4OsfKlkxuvC/TDWXC+oH5yeW8mA==",
      "dependencies": [
        "bare-semver"
      ]
    },
    "bare-path@3.1.1": {
      "integrity": "sha512-JprUlveX3QjApC1cTpsUOiscADftCGVWkzitbHsRqv84hzYwYHw2mbluddsq5TvI8mH/8Ov1f4BiMAdcB0oYnQ=="
    },
    "bare-semver@1.1.0": {
      "integrity": "sha512-1Hw5qJ7hXdVt3uPUqjeFTuxyvBUJauvz5A1I2jk8gzjZMHp04n//6nV9MDbG9CMw78JHY2lGV0w6s//LrASm2w=="
    },
    "bare-stream@2.13.3_bare-events@2.9.1": {
      "integrity": "sha512-Kc+brLqvEqGkjyfiwJmImAOqLZL7OsoLKuavx+hJjgVV3nLTOjloJyPMFxjUPerGGHrNH0fLU06jjykMLWrERQ==",
      "dependencies": [
        "b4a",
        "bare-events",
        "streamx",
        "teex"
      ],
      "optionalPeers": [
        "bare-events"
      ]
    },
    "bare-url@2.4.6": {
      "integrity": "sha512-iQxPClE07hETVpbRoX7JXX3v/ZQViCxe/SYCxylRLzdEx1xJAufPptfiOqR8tqiCtmbtMDANKWszzjLu1PMAZQ==",
      "dependencies": [
        "bare-path"
      ]
    },
    "bencode@2.0.3": {
      "integrity": "sha512-D/vrAD4dLVX23NalHwb8dSvsUsxeRPO8Y7ToKA015JQYq69MLDOMkC0uGZYA/MPpltLO8rt8eqFC2j8DxjTZ/w=="
    },
    "bencode@4.0.1": {
      "integrity": "sha512-/bCR3FvgfB8AZk4LlowShU+nfaTNRM2vruJ9aejDa5LpgkCoRjFyEauFiZFxbpxVxQbBFapYCN42Er2dkE/Qgw==",
      "dependencies": [
        "uint8-util"
      ]
    },
    "bep53-range@2.0.1": {
      "integrity": "sha512-VWN7j7sqUssWD6ROZe2m709YL3u5A1IAx1qvAbH3DAhszHt4WPvCzJLRJ+mzmZn1qWIb4mpflwdn95qezz3n8g=="
    },
    "bitfield@5.0.1": {
      "integrity": "sha512-81mvFHCa0L1HsDdKVCTkPKZZ6KFdyXgfQNoneFT7Qk5/PZeBWdPkTFa4KttbR8uHszfjiqOJbeahLOPfCqw4cw=="
    },
    "bittorrent-dht@11.0.12": {
      "integrity": "sha512-bFmQq874HMIBon/6KNMf/U1OG+UxJ0UzI9oPra2IRlZLuPA7VwBiA7uEpWaO2ww8G76OFjxB1p1XCOS94FuCPQ==",
      "dependencies": [
        "bencode@4.0.1",
        "debug",
        "k-bucket",
        "k-rpc",
        "last-one-wins",
        "lru",
        "randombytes",
        "record-cache"
      ]
    },
    "bittorrent-lsd@2.0.3": {
      "integrity": "sha512-FE4ImhpJZo8ahzDS/Qk1Ol+3Ea1sIhCPWE2WSjiv1s8YoCSEf7JBL3bbCJW5hdVNK5ohtZ3vH5xGjZ9QWFiatQ==",
      "dependencies": [
        "chrome-dgram",
        "debug"
      ]
    },
    "bittorrent-peerid@2.0.2": {
      "integrity": "sha512-V2iUvbtv31uLA8XFxbhB3f/fKTxWGaa6FI/3wSm93YAS/DS8IkeRWCyYGQ13Xbc9ajR40nsxNjGtVt7OHB3VOQ=="
    },
    "bittorrent-protocol@5.0.7": {
      "integrity": "sha512-KqnYMehGDIAHlmsOQ4clC8byfpmU6bCxjqDmJfOTDWn5vg/OWCnjuN5rjdbnerDg1k93iyh9nOiV2jkaZApBVA==",
      "dependencies": [
        "bencode@4.0.1",
        "bitfield",
        "debug",
        "streamx",
        "throughput",
        "uint8-util",
        "unordered-array-remove"
      ]
    },
    "block-iterator@1.1.2": {
      "integrity": "sha512-yAHUP44v2K25xLPdrgVTgwtuQctlullzjczu9CoUZom5AP3g4p1R1+aWHjS1GHG9JtcSUVUnbEPiuXiW5YZ24w=="
    },
    "cache-chunk-store@3.2.2": {
      "integrity": "sha512-2lJdWbgHFFxcSth9s2wpId3CR3v1YC63KjP4T9WhpW7LWlY7Hiiei3QwwqzkWqlJTfR8lSy9F5kRQECeyj+yQA==",
      "dependencies": [
        "lru",
        "queue-microtask"
      ]
    },
    "chrome-dgram@3.0.6": {
      "integrity": "sha512-bqBsUuaOiXiqxXt/zA/jukNJJ4oaOtc7ciwqJpZVEaaXwwxqgI2/ZdG02vXYWUhHGziDlvGMQWk0qObgJwVYKA==",
      "dependencies": [
        "inherits",
        "run-series"
      ]
    },
    "chrome-dns@1.0.1": {
      "integrity": "sha512-HqsYJgIc8ljJJOqOzLphjAs79EUuWSX3nzZi2LNkzlw3GIzAeZbaSektC8iT/tKvLqZq8yl1GJu5o6doA4TRbg==",
      "dependencies": [
        "chrome-net"
      ]
    },
    "chrome-net@3.3.4": {
      "integrity": "sha512-Jzy2EnzmE+ligqIZUsmWnck9RBXLuUy6CaKyuNMtowFG3ZvLt8d+WBJCTPEludV0DHpIKjAOlwjFmTaEdfdWCw==",
      "dependencies": [
        "inherits"
      ]
    },
    "chunk-store-iterator@1.0.4": {
      "integrity": "sha512-LGjzJNmk7W1mrdaBoJNztPumT2ACmgjHmI1AMm8aeGYOl4+LKaYC/yfnx27i++LiAtoe/dR+3jC8HRzb6gW4/A==",
      "dependencies": [
        "block-iterator"
      ]
    },
    "compact2string@1.4.1": {
      "integrity": "sha512-3D+EY5nsRhqnOwDxveBv5T8wGo4DEvYxjDtPGmdOX+gfr5gE92c2RC0w2wa+xEefm07QuVqqcF3nZJUZ92l/og==",
      "dependencies": [
        "ipaddr.js"
      ]
    },
    "cpus@1.0.3": {
      "integrity": "sha512-PXHBvGLuL69u55IkLa5e5838fLhIMHxmkV4ge42a8alGyn7BtawYgI0hQ849EedvtHIOLNNH3i6eQU1BiE9SUA=="
    },
    "create-torrent@6.1.3": {
      "integrity": "sha512-/XARuf6/TmOLICFkUU7pf4KPL/vlIFyk2xOJjQ4np8Xzl8xLt9W7KJps1EVnZyUCMHbAm5xYfCoDrgVw3F4FxA==",
      "dependencies": [
        "bencode@4.0.1",
        "block-iterator",
        "fast-readable-async-iterator",
        "is-file",
        "join-async-iterator",
        "junk",
        "minimist",
        "once",
        "piece-length",
        "queue-microtask",
        "run-parallel",
        "uint8-util"
      ],
      "bin": true
    },
    "debug@4.4.3": {
      "integrity": "sha512-RGwwWnwQvkVfavKVt22FGLw+xYSdzARwm0ru6DhTVA3umU5hZc28V3kO4stgYryrTlLpuvgI9GiijltAjNbcqA==",
      "dependencies": [
        "ms"
      ]
    },
    "end-of-stream@1.4.5": {
      "integrity": "sha512-ooEGc6HP26xXq/N+GCGOT0JKCLDGrq2bQUZrQ7gyrJiZANJ/8YDTxTpQBXGMn+WbIQXNVpyWymm7KYVICQnyOg==",
      "dependencies": [
        "once"
      ]
    },
    "escape-html@1.0.3": {
      "integrity": "sha512-NiSupZ4OeuGwr68lGIeym/ksIZMJodUGOSCZ/FSnTxcrekbvqrgdUxlJOMpijaKZVjAJrWrGs/6Jy8OMuyj9ow=="
    },
    "events-universal@1.0.1": {
      "integrity": "sha512-LUd5euvbMLpwOF8m6ivPCbhQeSiYVNb8Vs0fQ8QjXo0JTkEHpz8pxdQf0gStltaPpw0Cca8b39KxvK9cfKRiAw==",
      "dependencies": [
        "bare-events"
      ]
    },
    "fast-fifo@1.3.2": {
      "integrity": "sha512-/d9sfos4yxzpwkDkuN7k2SqFKtYNmCTzgfEpz82x34IM9/zc8KGxQoXg1liNC/izpRM/MBdt44Nmx41ZWqk+FQ=="
    },
    "fast-readable-async-iterator@2.0.0": {
      "integrity": "sha512-8Sld+DuyWRIftl86ZguJxR2oXCBccOiJxrY/Rj9/7ZBynW8pYMWzIcqxFL1da+25jaWJZVa+HHX/8SsA21JdTA=="
    },
    "filename-reserved-regex@3.0.0": {
      "integrity": "sha512-hn4cQfU6GOT/7cFHXBqeBg2TbrMBgdD0kcjLhvSQYYwm3s4B6cjvBfb7nBALJLAXqmU5xajSa7X2NnUud/VCdw=="
    },
    "fs-chunk-store@5.0.1": {
      "integrity": "sha512-bhD1YfAzdOugxu4VepYjxvzZwik9Qunn69Ogj47DZmogD6h/VkD/4vArNRoQ+kPYYOFqex3c9Ob2iAOkNYdkgw==",
      "dependencies": [
        "filename-reserved-regex",
        "queue-microtask",
        "random-access-file",
        "run-parallel",
        "thunky",
        "uint8-util"
      ]
    },
    "fs-native-extensions@1.5.0": {
      "integrity": "sha512-nuZLFm9mGCxvyi7Llww/J4OyifKCS21nEUTAmnlTZp3FObPOvA32aCedCmt4Z+8yk+caqfClNaSCfn/P7T7FLQ==",
      "dependencies": [
        "require-addon",
        "which-runtime"
      ]
    },
    "immediate-chunk-store@2.2.0": {
      "integrity": "sha512-1bHBna0hCa6arRXicu91IiL9RvvkbNYLVq+mzWdaLGZC3hXvX4doh8e1dLhMKez5siu63CYgO5NrGJbRX5lbPA==",
      "dependencies": [
        "queue-microtask"
      ]
    },
    "inherits@2.0.4": {
      "integrity": "sha512-k/vGaX4/Yla3WzyMCvTQOXYeIHvqOKtnqBduzTHpzpQZzAskKMhZ2K+EnBiSM9zGSoIFeMpXKxa4dYeZIQqewQ=="
    },
    "ip-address@10.2.0": {
      "integrity": "sha512-/+S6j4E9AHvW9SWMSEY9Xfy66O5PWvVEJ08O0y5JGyEKQpojb0K0GKpz/v5HJ/G0vi3D2sjGK78119oXZeE0qA=="
    },
    "ip@2.0.1": {
      "integrity": "sha512-lJUL9imLTNi1ZfXT+DU6rBBdbiKGBuay9B6xGSPVjUeQwaH1RIGqef8RZkUtHioLmSNpPR5M4HVKJGm1j8FWVQ=="
    },
    "ipaddr.js@2.0.1": {
      "integrity": "sha512-1qTgH9NG+IIJ4yfKs2e6Pp1bZg8wbDbKHT21HrLIeYBTRLgMYKnMTPAuI3Lcs61nfx5h1xlXnbJtH1kX5/d/ng=="
    },
    "is-file@1.0.0": {
      "integrity": "sha512-ZGMuc+xA8mRnrXtmtf2l/EkIW2zaD2LSBWlaOVEF6yH4RTndHob65V4SwWWdtGKVthQfXPVKsXqw4TDUjbVxVQ=="
    },
    "join-async-iterator@1.1.1": {
      "integrity": "sha512-ATse+nuNeKZ9K1y27LKdvPe/GCe9R/u9dw9vI248e+vILeRK3IcJP4JUPAlSmKRCDK0cKhEwfmiw4Skqx7UnGQ=="
    },
    "junk@4.0.1": {
      "integrity": "sha512-Qush0uP+G8ZScpGMZvHUiRfI0YBWuB3gVBYlI0v0vvOJt5FLicco+IkP0a50LqTTQhmts/m6tP5SWE+USyIvcQ=="
    },
    "k-bucket@5.1.0": {
      "integrity": "sha512-Fac7iINEovXIWU20GPnOMLUbjctiS+cnmyjC4zAUgvs3XPf1vo9akfCHkigftSic/jiKqKl+KA3a/vFcJbHyCg==",
      "dependencies": [
        "randombytes"
      ]
    },
    "k-rpc-socket@1.11.1": {
      "integrity": "sha512-8xtA8oqbZ6v1Niryp2/g4GxW16EQh5MvrUylQoOG+zcrDff5CKttON2XUXvMwlIHq4/2zfPVFiinAccJ+WhxoA==",
      "dependencies": [
        "bencode@2.0.3",
        "chrome-dgram",
        "chrome-dns",
        "chrome-net"
      ]
    },
    "k-rpc@5.1.0": {
      "integrity": "sha512-FGc+n70Hcjoa/X2JTwP+jMIOpBz+pkRffHnSl9yrYiwUxg3FIgD50+u1ePfJUOnRCnx6pbjmVk5aAeB1wIijuQ==",
      "dependencies": [
        "k-bucket",
        "k-rpc-socket",
        "randombytes"
      ]
    },
    "last-one-wins@1.0.4": {
      "integrity": "sha512-t+KLJFkHPQk8lfN6WBOiGkiUXoub+gnb2XTYI2P3aiISL+94xgZ1vgz1SXN/N4hthuOoLXarXfBZPUruyjQtfA=="
    },
    "limiter@1.1.5": {
      "integrity": "sha512-FWWMIEOxz3GwUI4Ts/IvgVy6LPvoMPgjMdQ185nN6psJyBJ4yOpzqm695/h5umdLJg2vW3GR5iG11MAkR2AzJA=="
    },
    "lru@3.1.0": {
      "integrity": "sha512-5OUtoiVIGU4VXBOshidmtOsvBIvcQR6FD/RzWSvaeHyxCGB+PCUCu+52lqMfdc0h/2CLvHhZS4TwUmMQrrMbBQ==",
      "dependencies": [
        "inherits"
      ]
    },
    "lt_donthave@2.0.7": {
      "integrity": "sha512-FdfetmgzUr0IC2ZXHaOhAMEsvw8BFo7kDM7JzfYsJ5pO5+xzjfZIPdLSQWE4+/UTlQA7D8IU5ZJ0LTuLE4BRBQ==",
      "dependencies": [
        "debug",
        "unordered-array-remove"
      ]
    },
    "magnet-uri@7.0.9": {
      "integrity": "sha512-mP9unEP3XYak4RRC13qXqB3PNTaXRSXFpgv5DSm7IdjI1llRvmET4UDd5UiqV6gq5W5rGa5o7LiYlec2iNNnRQ==",
      "dependencies": [
        "@thaunknown/thirty-two",
        "bep53-range",
        "uint8-util"
      ]
    },
    "memory-chunk-store@1.3.5": {
      "integrity": "sha512-E1Xc1U4ifk/FkC2ZsWhCaW1xg9HbE/OBmQTLe2Tr9c27YPSLbW7kw1cnb3kQWD1rDtErFJHa7mB9EVrs7aTx9g==",
      "dependencies": [
        "queue-microtask"
      ]
    },
    "mime@3.0.0": {
      "integrity": "sha512-jSCU7/VB1loIWBZe14aEYHU/+1UMEHoaO7qxCOVJOw9GgH72VAWppxNcjU+x9a2k3GSIBXNKxXQFqRvvZ7vr3A==",
      "bin": true
    },
    "minimist@1.2.8": {
      "integrity": "sha512-2yyAR8qBkN3YuheJanUpWC5U3bb5osDywNB8RzDVlDwDHbocAJveqqj1u8+SVD7jkWT4yvsHCpWqqWqAxb0zCA=="
    },
    "ms@2.1.3": {
      "integrity": "sha512-6FlzubTLZG3J2a/NVCAleEhjzq5oxgHyaCU9yYXvcLsvoVaHJq/s5xXI6/XXP6tz7R9xAOtHnSO/tXtF3WRTlA=="
    },
    "once@1.4.0": {
      "integrity": "sha512-lNaJgI+2Q5URQBkccEKHTQOPaXdUxnZZElQTZY0MFUAuaEqe1E+Nyvgdz/aIyNi6Z9MzO5dv1H8n58/GELp3+w==",
      "dependencies": [
        "wrappy"
      ]
    },
    "piece-length@2.0.1": {
      "integrity": "sha512-dBILiDmm43y0JPISWEmVGKBETQjwJe6mSU9GND+P9KW0SJGUwoU/odyH1nbalOP9i8WSYuqf1lQnaj92Bhw+Ug=="
    },
    "pump@3.0.4": {
      "integrity": "sha512-VS7sjc6KR7e1ukRFhQSY5LM2uBWAUPiOPa/A3mkKmiMwSmRFUITt0xuj+/lesgnCv+dPIEYlkzrcyXgquIHMcA==",
      "dependencies": [
        "end-of-stream",
        "once"
      ]
    },
    "queue-microtask@1.2.3": {
      "integrity": "sha512-NuaNSa6flKT5JaSYQzJok04JzTL1CA6aGhv5rfLW3PgqA+M2ChpZQnAC8h8i4ZFkBS8X5RqkDBHA7r4hej3K9A=="
    },
    "queue-tick@1.0.1": {
      "integrity": "sha512-kJt5qhMxoszgU/62PLP1CJytzd2NKetjSRnyuj31fDd3Rlcz3fzlFdFLD1SItunPwyqEOkca6GbV612BWfaBag=="
    },
    "random-access-file@4.1.2": {
      "integrity": "sha512-GQM6R78DceZDcQod8KxlDFwXIiUvlvuy1EOzxTDsjuDjW5NlnlZi0MOk6iI4itAj/2vcvdqcEExYbVpC/dJcEw==",
      "dependencies": [
        "bare-fs",
        "bare-path",
        "random-access-storage"
      ],
      "optionalDependencies": [
        "fs-native-extensions"
      ]
    },
    "random-access-storage@3.0.2": {
      "integrity": "sha512-Es9maUyWdJXWKckKy9s1+vT+DEgAt+PBb9lxPaake/0EDUsHehloKGv9v1zimS2V3gpFAcQXubvc1Rgci2sDPQ==",
      "dependencies": [
        "bare-events",
        "queue-tick"
      ]
    },
    "random-iterate@1.0.1": {
      "integrity": "sha512-Jdsdnezu913Ot8qgKgSgs63XkAjEsnMcS1z+cC6D6TNXsUXsMxy0RpclF2pzGZTEiTXL9BiArdGTEexcv4nqcA=="
    },
    "randombytes@2.1.0": {
      "integrity": "sha512-vYl3iOX+4CKUWuxGi9Ukhie6fsqXqS9FE2Zaic4tNFD2N2QQaXOMFbuKK4QmDHC0JO6B1Zp41J0LpT0oR68amQ==",
      "dependencies": [
        "safe-buffer"
      ]
    },
    "range-parser@1.3.0": {
      "integrity": "sha512-hek2mFQpPuI4E1BBKrSto+BU3e3x4xuarsbiwr3+lf7p44juvFMV0XFWQAP3xUyqXA4RrXLIoaSUGbSt056ZMw=="
    },
    "record-cache@1.2.0": {
      "integrity": "sha512-kyy3HWCez2WrotaL3O4fTn0rsIdfRKOdQQcEJ9KpvmKmbffKVvwsloX063EgRUlpJIXHiDQFhJcTbZequ2uTZw==",
      "dependencies": [
        "b4a"
      ]
    },
    "require-addon@1.2.0": {
      "integrity": "sha512-VNPDZlYgIYQwWp9jMTzljx+k0ZtatKlcvOhktZ/anNPI3dQ9NXk7cq2U4iJ1wd9IrytRnYhyEocFWbkdPb+MYA==",
      "dependencies": [
        "bare-addon-resolve"
      ]
    },
    "run-parallel-limit@1.1.0": {
      "integrity": "sha512-jJA7irRNM91jaKc3Hcl1npHsFLOXOoTkPCUL1JEa1R82O2miplXXRaGdjW/KM/98YQWDhJLiSs793CnXfblJUw==",
      "dependencies": [
        "queue-microtask"
      ]
    },
    "run-parallel@1.2.0": {
      "integrity": "sha512-5l4VyZR86LZ/lDxZTR6jqL8AFE2S0IFLMP26AbjsLVADxHdhB/c0GUsH+y39UfCi3dzz8OlQuPmnaJOMoDHQBA==",
      "dependencies": [
        "queue-microtask"
      ]
    },
    "run-series@1.1.9": {
      "integrity": "sha512-Arc4hUN896vjkqCYrUXquBFtRZdv1PfLbTYP71efP6butxyQ0kWpiNJyAgsxscmQg1cqvHY32/UCBzXedTpU2g=="
    },
    "safe-buffer@5.2.1": {
      "integrity": "sha512-rp3So07KcdmmKbGvgaNxQSJr7bGVSVk5S9Eq1F+ppbRo70+YeaDxkw5Dd8NPN+GD6bjnYm2VuPuCXmpuYvmCXQ=="
    },
    "smart-buffer@4.2.0": {
      "integrity": "sha512-94hK0Hh8rPqQl2xXc3HsaBoOXKV20MToPkcXvwbISWLEs+64sBq5kFgn2kJDHb1Pry9yrP0dxrCI9RRci7RXKg=="
    },
    "socks@2.8.9": {
      "integrity": "sha512-LJhUYUvItdQ0LkJTmPeaEObWXAqFyfmP85x0tch/ez9cahmhlBBLbIqDFnvBnUJGagb0JbIQrkBs1wJ+yRYpEw==",
      "dependencies": [
        "ip-address",
        "smart-buffer"
      ]
    },
    "speed-limiter@1.0.2": {
      "integrity": "sha512-Ax+TbUOho84bWUc3AKqWtkIvAIVws7d6QI4oJkgH4yQ5Yil+lR3vjd/7qd51dHKGzS5bFxg0++QwyNRN7s6rZA==",
      "dependencies": [
        "limiter",
        "streamx"
      ]
    },
    "streamx@2.28.0": {
      "integrity": "sha512-1Yowhzjf0ivGMrTIkY9hav5TxobO9qIVqUE41fiCGMGgc3CLlf4MY+9AHmZqBWgDTue0fY9zWjYFVyf6Diuobw==",
      "dependencies": [
        "events-universal",
        "fast-fifo",
        "text-decoder"
      ]
    },
    "string2compact@2.0.2": {
      "integrity": "sha512-ZUUIyrS+sSj84gR6fFoz/boiqCptyw37/hMxIehReuf6ekpJOlwSXhTfEasqc5t3QucBXi2ghwLlHOSC8hjEaw==",
      "dependencies": [
        "addr-to-ip-port",
        "ipaddr.js"
      ]
    },
    "teex@1.0.1": {
      "integrity": "sha512-eYE6iEI62Ni1H8oIa7KlDU6uQBtqr4Eajni3wX7rpfXD8ysFx8z0+dri+KWEPWpBsxXfxu58x/0jvTVT1ekOSg==",
      "dependencies": [
        "streamx"
      ]
    },
    "text-decoder@1.2.7": {
      "integrity": "sha512-vlLytXkeP4xvEq2otHeJfSQIRyWxo/oZGEbXrtEEF9Hnmrdly59sUbzZ/QgyWuLYHctCHxFF4tRQZNQ9k60ExQ==",
      "dependencies": [
        "b4a"
      ]
    },
    "throughput@1.0.2": {
      "integrity": "sha512-jvK1ZXuhsggjb3qYQjMiU/AVYYiTeqT5thWvYR2yuy2LGM84P5MSSyAinwHahGsdBYKR9m9HncVR/3f3nFKkxg=="
    },
    "thunky@1.1.0": {
      "integrity": "sha512-eHY7nBftgThBqOyHGVN+l8gF0BucP09fMo0oO/Lb0w1OF80dJv+lDVpXG60WMQvkcxAkNybKsrEIE3ZtKGmPrA=="
    },
    "torrent-piece@4.0.1": {
      "integrity": "sha512-bL5lLm0CknuXMJ3c8Xw+27etPTH7P1vLXwEASQ3bktZlWV2ZEkCW1l0ssV6Y9EHpcUlf0aqB9x49bkgMA4JrHw==",
      "dependencies": [
        "uint8-util"
      ]
    },
    "uint8-util@2.3.2": {
      "integrity": "sha512-u1c0/eiT1IW+c5+ogbmE2Fu2hmtJQPkuzDmXD/4crMU4FPMjkTkFnjJ2NN/9AsZ9YWcc7yE869uc3WB8wIZEEA=="
    },
    "unordered-array-remove@1.0.2": {
      "integrity": "sha512-45YsfD6svkgaCBNyvD+dFHm4qFX9g3wRSIVgWVPtm2OCnphvPxzJoe20ATsiNpNJrmzHifnxm+BN5F7gFT/4gw=="
    },
    "ut_metadata@5.0.1": {
      "integrity": "sha512-V+6jKXXvkH8YQDFeSpvjSkn7Yiz7Juz3LhIkA1QhxuvOjhrqwlZKJfRMOjVSEW/mPa9Bpk4hvFOCim98tzR04w==",
      "dependencies": [
        "bencode@4.0.1",
        "bitfield",
        "debug",
        "uint8-util"
      ]
    },
    "ut_pex@5.0.2": {
      "integrity": "sha512-tPWnEmFIpn47IgZ3CyMzA4onr6zGtBrR+DVtRGoyCpC59OgqELvj9jkzLuisCwIH5FdUQiwqtXtsiAWwpUfrKw==",
      "dependencies": [
        "bencode@4.0.1",
        "compact2string",
        "string2compact"
      ]
    },
    "which-runtime@1.4.0": {
      "integrity": "sha512-0ugbP4CJW4e2D20jvEcC4973dCgIaHI4Rw1PT+26U9zEve7FyYdWAIwUnoeOYvoCfn+wXHoHTKb1KhkYlb60Pw=="
    },
    "wrappy@1.0.2": {
      "integrity": "sha512-l4Sp/DRseor9wL6EvV2+TuQn63dMkPjZ/sp9XkghTEbV9KlPS1xUsZ3u7/IQO4wxtcFB4bgpQPRcR3QCvezPcQ=="
    },
    "ws@8.21.1": {
      "integrity": "sha512-+0NTnW77fFN/DjQi6k/Sq/Yvk4Sgajw7urW8V+asjXnRgDs9gyGkdb7EzgfhA4goXsRIZKE28fzIXBHEzhuiWw=="
    }
  },
  "workspace": {
    "dependencies": [
      "jsr:@std/assert@^1.0.19",
      "jsr:@std/fs@^1.0.24",
      "jsr:@std/path@^1.1.6"
    ]
  }
}
